
Microsoft Visual Studio Solution File, Format Version 12.00
# Visual Studio Version 17
VisualStudioVersion = 17.7.34221.43
MinimumVisualStudioVersion = 10.0.40219.1
Project("{FAE04EC0-301F-11D3-BF4B-00C04F79EFBC}") = "SalesSystem", "SalesSystem\SalesSystem.csproj", "{03409FC2-9EE4-4D44-A544-4FF593FB1167}"
EndProject
Global
	GlobalSection(SolutionConfigurationPlatforms) = preSolution
		Debug|Any CPU = Debug|Any CPU
		Release|Any CPU = Release|Any CPU
	EndGlobalSection
	GlobalSection(ProjectConfigurationPlatforms) = postSolution
		{03409FC2-9EE4-4D44-A544-4FF593FB1167}.Debug|Any CPU.ActiveCfg = Debug|Any CPU
		{03409FC2-9EE4-4D44-A544-4FF593FB1167}.Debug|Any CPU.Build.0 = Debug|Any CPU
		{03409FC2-9EE4-4D44-A544-4FF593FB1167}.Release|Any CPU.ActiveCfg = Release|Any CPU
		{03409FC2-9EE4-4D44-A544-4FF593FB1167}.Release|Any CPU.Build.0 = Release|Any CPU
	EndGlobalSection
	GlobalSection(SolutionProperties) = preSolution
		HideSolutionNode = FALSE
	EndGlobalSection
	GlobalSection(ExtensibilityGlobals) = postSolution
		SolutionGuid = {54A80200-A8CA-4DEC-BA9E-F858F1F026D4}
	EndGlobalSection
EndGlobal
